
Microsoft Visual Studio Solution File, Format Version 12.00
# Visual Studio Version 17
VisualStudioVersion = 17.4.33205.214
MinimumVisualStudioVersion = 10.0.40219.1
Project("{FAE04EC0-301F-11D3-BF4B-00C04F79EFBC}") = "RabbitMQ.Watermark", "RabbitMQ.Watermark\RabbitMQ.Watermark.csproj", "{5403C907-9C35-4081-85CC-A3F8935396BC}"
EndProject
Global
	GlobalSection(SolutionConfigurationPlatforms) = preSolution
		Debug|Any CPU = Debug|Any CPU
		Release|Any CPU = Release|Any CPU
	EndGlobalSection
	GlobalSection(ProjectConfigurationPlatforms) = postSolution
		{5403C907-9C35-4081-85CC-A3F8935396BC}.Debug|Any CPU.ActiveCfg = Debug|Any CPU
		{5403C907-9C35-4081-85CC-A3F8935396BC}.Debug|Any CPU.Build.0 = Debug|Any CPU
		{5403C907-9C35-4081-85CC-A3F8935396BC}.Release|Any CPU.ActiveCfg = Release|Any CPU
		{5403C907-9C35-4081-85CC-A3F8935396BC}.Release|Any CPU.Build.0 = Release|Any CPU
	EndGlobalSection
	GlobalSection(SolutionProperties) = preSolution
		HideSolutionNode = FALSE
	EndGlobalSection
	GlobalSection(ExtensibilityGlobals) = postSolution
		SolutionGuid = {344A5931-206A-492D-909F-84C834DFB300}
	EndGlobalSection
EndGlobal
